
Microsoft Visual Studio Solution File, Format Version 12.00
# Visual Studio 15
VisualStudioVersion = 15.0.28307.438
MinimumVisualStudioVersion = 10.0.40219.1
Project("{FAE04EC0-301F-11D3-BF4B-00C04F79EFBC}") = "Requestor", "Requestor\Requestor.csproj", "{CFE91C5A-5716-4EE1-B303-22E7DD28F441}"
EndProject
Global
	GlobalSection(SolutionConfigurationPlatforms) = preSolution
		Debug|Any CPU = Debug|Any CPU
		Debug|ARM = Debug|ARM
		Debug|ARM64 = Debug|ARM64
		Debug|x64 = Debug|x64
		Debug|x86 = Debug|x86
		Release|Any CPU = Release|Any CPU
		Release|ARM = Release|ARM
		Release|ARM64 = Release|ARM64
		Release|x64 = Release|x64
		Release|x86 = Release|x86
	EndGlobalSection
	GlobalSection(ProjectConfigurationPlatforms) = postSolution
		{CFE91C5A-5716-4EE1-B303-22E7DD28F441}.Debug|Any CPU.ActiveCfg = Debug|Any CPU
		{CFE91C5A-5716-4EE1-B303-22E7DD28F441}.Debug|Any CPU.Build.0 = Debug|Any CPU
		{CFE91C5A-5716-4EE1-B303-22E7DD28F441}.Debug|ARM.ActiveCfg = Debug|ARM
		{CFE91C5A-5716-4EE1-B303-22E7DD28F441}.Debug|ARM.Build.0 = Debug|ARM
		{CFE91C5A-5716-4EE1-B303-22E7DD28F441}.Debug|ARM64.ActiveCfg = Debug|ARM64
		{CFE91C5A-5716-4EE1-B303-22E7DD28F441}.Debug|ARM64.Build.0 = Debug|ARM64
		{CFE91C5A-5716-4EE1-B303-22E7DD28F441}.Debug|x64.ActiveCfg = Debug|x64
		{CFE91C5A-5716-4EE1-B303-22E7DD28F441}.Debug|x64.Build.0 = Debug|x64
		{CFE91C5A-5716-4EE1-B303-22E7DD28F441}.Debug|x86.ActiveCfg = Debug|x86
		{CFE91C5A-5716-4EE1-B303-22E7DD28F441}.Debug|x86.Build.0 = Debug|x86
		{CFE91C5A-5716-4EE1-B303-22E7DD28F441}.Release|Any CPU.ActiveCfg = Release|Any CPU
		{CFE91C5A-5716-4EE1-B303-22E7DD28F441}.Release|Any CPU.Build.0 = Release|Any CPU
		{CFE91C5A-5716-4EE1-B303-22E7DD28F441}.Release|ARM.ActiveCfg = Release|ARM
		{CFE91C5A-5716-4EE1-B303-22E7DD28F441}.Release|ARM.Build.0 = Release|ARM
		{CFE91C5A-5716-4EE1-B303-22E7DD28F441}.Release|ARM64.ActiveCfg = Release|ARM64
		{CFE91C5A-5716-4EE1-B303-22E7DD28F441}.Release|ARM64.Build.0 = Release|ARM64
		{CFE91C5A-5716-4EE1-B303-22E7DD28F441}.Release|x64.ActiveCfg = Release|x64
		{CFE91C5A-5716-4EE1-B303-22E7DD28F441}.Release|x64.Build.0 = Release|x64
		{CFE91C5A-5716-4EE1-B303-22E7DD28F441}.Release|x86.ActiveCfg = Release|x86
		{CFE91C5A-5716-4EE1-B303-22E7DD28F441}.Release|x86.Build.0 = Release|x86
	EndGlobalSection
	GlobalSection(SolutionProperties) = preSolution
		HideSolutionNode = FALSE
	EndGlobalSection
	GlobalSection(ExtensibilityGlobals) = postSolution
		SolutionGuid = {12F8DB3F-E723-4C68-B171-85F60D97B027}
	EndGlobalSection
EndGlobal
